
Microsoft Visual Studio Solution File, Format Version 12.00
# Visual Studio 15
VisualStudioVersion = 15.0.28010.2048
MinimumVisualStudioVersion = 10.0.40219.1
Project("{FAE04EC0-301F-11D3-BF4B-00C04F79EFBC}") = "Tetris", "Tetris\Tetris.csproj", "{FA9F9491-D295-4E24-BA83-186B9DCFFB0E}"
EndProject
Global
	GlobalSection(SolutionConfigurationPlatforms) = preSolution
		Debug|Any CPU = Debug|Any CPU
		Release|Any CPU = Release|Any CPU
	EndGlobalSection
	GlobalSection(ProjectConfigurationPlatforms) = postSolution
		{FA9F9491-D295-4E24-BA83-186B9DCFFB0E}.Debug|Any CPU.ActiveCfg = Debug|Any CPU
		{FA9F9491-D295-4E24-BA83-186B9DCFFB0E}.Debug|Any CPU.Build.0 = Debug|Any CPU
		{FA9F9491-D295-4E24-BA83-186B9DCFFB0E}.Release|Any CPU.ActiveCfg = Release|Any CPU
		{FA9F9491-D295-4E24-BA83-186B9DCFFB0E}.Release|Any CPU.Build.0 = Release|Any CPU
	EndGlobalSection
	GlobalSection(SolutionProperties) = preSolution
		HideSolutionNode = FALSE
	EndGlobalSection
	GlobalSection(ExtensibilityGlobals) = postSolution
		SolutionGuid = {70B40985-EAC9-4601-93A9-1CDEA7DCDE9A}
	EndGlobalSection
EndGlobal
